
Microsoft Visual Studio Solution File, Format Version 12.00
# Visual Studio Version 16
VisualStudioVersion = 16.0.29326.143
MinimumVisualStudioVersion = 10.0.40219.1
Project("{FAE04EC0-301F-11D3-BF4B-00C04F79EFBC}") = "AddWithThreads", "AddWithThreads.csproj", "{63364EA4-235B-443D-8D3E-FB6942F16FF6}"
EndProject
Global
	GlobalSection(SolutionConfigurationPlatforms) = preSolution
		Debug|Any CPU = Debug|Any CPU
		Release|Any CPU = Release|Any CPU
	EndGlobalSection
	GlobalSection(ProjectConfigurationPlatforms) = postSolution
		{63364EA4-235B-443D-8D3E-FB6942F16FF6}.Debug|Any CPU.ActiveCfg = Debug|Any CPU
		{63364EA4-235B-443D-8D3E-FB6942F16FF6}.Debug|Any CPU.Build.0 = Debug|Any CPU
		{63364EA4-235B-443D-8D3E-FB6942F16FF6}.Release|Any CPU.ActiveCfg = Release|Any CPU
		{63364EA4-235B-443D-8D3E-FB6942F16FF6}.Release|Any CPU.Build.0 = Release|Any CPU
	EndGlobalSection
	GlobalSection(SolutionProperties) = preSolution
		HideSolutionNode = FALSE
	EndGlobalSection
	GlobalSection(ExtensibilityGlobals) = postSolution
		SolutionGuid = {0D60220D-A88E-46B7-B610-84BC25D6CCB6}
	EndGlobalSection
EndGlobal
